
Microsoft Visual Studio Solution File, Format Version 12.00
Project("{FAE04EC0-301F-11D3-BF4B-00C04F79EFBC}") = "Mersenne Twister", "Mersenne Twister\Mersenne Twister.csproj", "{1DBE774D-9A91-4800-BDEE-4A7EF3F92850}"
EndProject
Global
	GlobalSection(SolutionConfigurationPlatforms) = preSolution
		Debug|Any CPU = Debug|Any CPU
		Release|Any CPU = Release|Any CPU
	EndGlobalSection
	GlobalSection(ProjectConfigurationPlatforms) = postSolution
		{1DBE774D-9A91-4800-BDEE-4A7EF3F92850}.Debug|Any CPU.ActiveCfg = Debug|Any CPU
		{1DBE774D-9A91-4800-BDEE-4A7EF3F92850}.Debug|Any CPU.Build.0 = Debug|Any CPU
		{1DBE774D-9A91-4800-BDEE-4A7EF3F92850}.Release|Any CPU.ActiveCfg = Release|Any CPU
		{1DBE774D-9A91-4800-BDEE-4A7EF3F92850}.Release|Any CPU.Build.0 = Release|Any CPU
	EndGlobalSection
EndGlobal
